github.com/schnerring/hugo-mod-json-resume v0.0.0-20260507220953-55d33902685e h1:oC8ST5qxl89Z33T4qTJmQwOThUebCXF/LFRwHtred1o=
github.com/schnerring/hugo-mod-json-resume v0.0.0-20260507220953-55d33902685e/go.mod h1:5+q2EB4npKY03/Z6pWtLM3BnS8T4NBSbF8emENrgIE4=
github.com/schnerring/hugo-theme-gruvbox v0.0.0-20251001122453-81058f53a809 h1:u1+71LpcLO2qHvzu/fLFqFi04cYx1R05WsImE3irMYo=
github.com/schnerring/hugo-theme-gruvbox v0.0.0-20251001122453-81058f53a809/go.mod h1:hNzpTnxuG75JqH7yUryFc/wYNDqSaIAZuOQTl8tPHVA=
